
Microsoft Visual Studio Solution File, Format Version 12.00
# Visual Studio Version 17
VisualStudioVersion = 17.13.35806.99 d17.13
MinimumVisualStudioVersion = 10.0.40219.1
Project("{FAE04EC0-301F-11D3-BF4B-00C04F79EFBC}") = "WpfApplProject", "WpfApplProject.csproj", "{9B3EF888-3855-4EA8-8CFE-47562D653F54}"
EndProject
Global
	GlobalSection(SolutionConfigurationPlatforms) = preSolution
		Debug|Any CPU = Debug|Any CPU
		Release|Any CPU = Release|Any CPU
	EndGlobalSection
	GlobalSection(ProjectConfigurationPlatforms) = postSolution
		{9B3EF888-3855-4EA8-8CFE-47562D653F54}.Debug|Any CPU.ActiveCfg = Debug|Any CPU
		{9B3EF888-3855-4EA8-8CFE-47562D653F54}.Debug|Any CPU.Build.0 = Debug|Any CPU
		{9B3EF888-3855-4EA8-8CFE-47562D653F54}.Release|Any CPU.ActiveCfg = Release|Any CPU
		{9B3EF888-3855-4EA8-8CFE-47562D653F54}.Release|Any CPU.Build.0 = Release|Any CPU
	EndGlobalSection
	GlobalSection(SolutionProperties) = preSolution
		HideSolutionNode = FALSE
	EndGlobalSection
	GlobalSection(ExtensibilityGlobals) = postSolution
		SolutionGuid = {DBA4AAFF-4905-4C89-94EC-59A36CC0C3F5}
	EndGlobalSection
EndGlobal
